
Microsoft Visual Studio Solution File, Format Version 12.00
Project("{FAE04EC0-301F-11D3-BF4B-00C04F79EFBC}") = "cw3", "cw3\cw3.csproj", "{5FD86137-1139-41FE-8A6F-614CC26B4720}"
EndProject
Global
	GlobalSection(SolutionConfigurationPlatforms) = preSolution
		Debug|Any CPU = Debug|Any CPU
		Release|Any CPU = Release|Any CPU
	EndGlobalSection
	GlobalSection(ProjectConfigurationPlatforms) = postSolution
		{5FD86137-1139-41FE-8A6F-614CC26B4720}.Debug|Any CPU.ActiveCfg = Debug|Any CPU
		{5FD86137-1139-41FE-8A6F-614CC26B4720}.Debug|Any CPU.Build.0 = Debug|Any CPU
		{5FD86137-1139-41FE-8A6F-614CC26B4720}.Release|Any CPU.ActiveCfg = Release|Any CPU
		{5FD86137-1139-41FE-8A6F-614CC26B4720}.Release|Any CPU.Build.0 = Release|Any CPU
	EndGlobalSection
EndGlobal
